
Microsoft Visual Studio Solution File, Format Version 12.00
# Visual Studio Version 17
VisualStudioVersion = 17.1.32414.318
MinimumVisualStudioVersion = 10.0.40219.1
Project("{FAE04EC0-301F-11D3-BF4B-00C04F79EFBC}") = "Lesson1", "Lessons\Lesson1.csproj", "{2120AA9E-66A4-4529-88CD-DB276256D7EB}"
EndProject
Project("{FAE04EC0-301F-11D3-BF4B-00C04F79EFBC}") = "Lesson2", "Lesson2\Lesson2.csproj", "{5216C833-745C-4DE5-9808-ACF6D4ED37A4}"
EndProject
Global
	GlobalSection(SolutionConfigurationPlatforms) = preSolution
		Debug|Any CPU = Debug|Any CPU
		Release|Any CPU = Release|Any CPU
	EndGlobalSection
	GlobalSection(ProjectConfigurationPlatforms) = postSolution
		{2120AA9E-66A4-4529-88CD-DB276256D7EB}.Debug|Any CPU.ActiveCfg = Debug|Any CPU
		{2120AA9E-66A4-4529-88CD-DB276256D7EB}.Debug|Any CPU.Build.0 = Debug|Any CPU
		{2120AA9E-66A4-4529-88CD-DB276256D7EB}.Release|Any CPU.ActiveCfg = Release|Any CPU
		{2120AA9E-66A4-4529-88CD-DB276256D7EB}.Release|Any CPU.Build.0 = Release|Any CPU
		{5216C833-745C-4DE5-9808-ACF6D4ED37A4}.Debug|Any CPU.ActiveCfg = Debug|Any CPU
		{5216C833-745C-4DE5-9808-ACF6D4ED37A4}.Debug|Any CPU.Build.0 = Debug|Any CPU
		{5216C833-745C-4DE5-9808-ACF6D4ED37A4}.Release|Any CPU.ActiveCfg = Release|Any CPU
		{5216C833-745C-4DE5-9808-ACF6D4ED37A4}.Release|Any CPU.Build.0 = Release|Any CPU
	EndGlobalSection
	GlobalSection(SolutionProperties) = preSolution
		HideSolutionNode = FALSE
	EndGlobalSection
	GlobalSection(ExtensibilityGlobals) = postSolution
		SolutionGuid = {6AFFEA4F-760D-47A2-B5C6-0D96EDC4A663}
	EndGlobalSection
EndGlobal
